// !$*UTF8*$!
{
	archiveVersion = 1;
	classes = {
	};
	objectVersion = 46;
	objects = {

/* Begin PBXBuildFile section */
		7EEF02451B0CEC7800B0EB25 /* AppDelegate.swift in Sources */ = {isa = PBXBuildFile; fileRef = 7EEF02441B0CEC7800B0EB25 /* AppDelegate.swift */; };
		7EEF024A1B0CEC7800B0EB25 /* Main.storyboard in Resources */ = {isa = PBXBuildFile; fileRef = 7EEF02481B0CEC7800B0EB25 /* Main.storyboard */; };
		7EEF024C1B0CEC7800B0EB25 /* Images.xcassets in Resources */ = {isa = PBXBuildFile; fileRef = 7EEF024B1B0CEC7800B0EB25 /* Images.xcassets */; };
		7EEF024F1B0CEC7800B0EB25 /* LaunchScreen.xib in Resources */ = {isa = PBXBuildFile; fileRef = 7EEF024D1B0CEC7800B0EB25 /* LaunchScreen.xib */; };
		7EEF025B1B0CEC7800B0EB25 /* MeteorLandingAppTests.swift in Sources */ = {isa = PBXBuildFile; fileRef = 7EEF025A1B0CEC7800B0EB25 /* MeteorLandingAppTests.swift */; };
		7EEF02661B0CF55A00B0EB25 /* MeteorLanding.swift in Sources */ = {isa = PBXBuildFile; fileRef = 7EEF02651B0CF55A00B0EB25 /* MeteorLanding.swift */; };
		7EEF02691B0D0CFF00B0EB25 /* ViewController.swift in Sources */ = {isa = PBXBuildFile; fileRef = 7EEF02681B0D0CFF00B0EB25 /* ViewController.swift */; };
		7EEF02711B0D156800B0EB25 /* MeteorLanding.swift in Sources */ = {isa = PBXBuildFile; fileRef = 7EEF02651B0CF55A00B0EB25 /* MeteorLanding.swift */; };
		7EEF02721B0D156D00B0EB25 /* MLMapView.swift in Sources */ = {isa = PBXBuildFile; fileRef = 7EEF026F1B0D0E4F00B0EB25 /* MLMapView.swift */; };
		7EEF02731B0D157600B0EB25 /* ViewController.swift in Sources */ = {isa = PBXBuildFile; fileRef = 7EEF02681B0D0CFF00B0EB25 /* ViewController.swift */; };
		7EEF02821B0D1C7C00B0EB25 /* Info.plist in Resources */ = {isa = PBXBuildFile; fileRef = 7EEF02771B0D1C7C00B0EB25 /* Info.plist */; };
		7EEF02831B0D1C7C00B0EB25 /* JsonMapper.swift in Sources */ = {isa = PBXBuildFile; fileRef = 7EEF02781B0D1C7C00B0EB25 /* JsonMapper.swift */; };
		7EEF02841B0D1C7C00B0EB25 /* JsonObject+Initialization.swift in Sources */ = {isa = PBXBuildFile; fileRef = 7EEF02791B0D1C7C00B0EB25 /* JsonObject+Initialization.swift */; };
		7EEF02851B0D1C7C00B0EB25 /* JsonObject+KeyMapping.swift in Sources */ = {isa = PBXBuildFile; fileRef = 7EEF027A1B0D1C7C00B0EB25 /* JsonObject+KeyMapping.swift */; };
		7EEF02861B0D1C7C00B0EB25 /* JsonObject+Mappers.swift in Sources */ = {isa = PBXBuildFile; fileRef = 7EEF027B1B0D1C7C00B0EB25 /* JsonObject+Mappers.swift */; };
		7EEF02871B0D1C7C00B0EB25 /* JsonObject+Serialization.swift in Sources */ = {isa = PBXBuildFile; fileRef = 7EEF027C1B0D1C7C00B0EB25 /* JsonObject+Serialization.swift */; };
		7EEF02881B0D1C7C00B0EB25 /* JsonObject+Validation.swift in Sources */ = {isa = PBXBuildFile; fileRef = 7EEF027D1B0D1C7C00B0EB25 /* JsonObject+Validation.swift */; };
		7EEF02891B0D1C7C00B0EB25 /* JsonObject.swift in Sources */ = {isa = PBXBuildFile; fileRef = 7EEF027F1B0D1C7C00B0EB25 /* JsonObject.swift */; };
		7EEF028A1B0D1C7C00B0EB25 /* JsonValue.swift in Sources */ = {isa = PBXBuildFile; fileRef = 7EEF02801B0D1C7C00B0EB25 /* JsonValue.swift */; };
		7EEF028B1B0D1C7C00B0EB25 /* String+Subscripting.swift in Sources */ = {isa = PBXBuildFile; fileRef = 7EEF02811B0D1C7C00B0EB25 /* String+Subscripting.swift */; };
		7EEF028F1B0D213100B0EB25 /* MeteorLandingDataManager.swift in Sources */ = {isa = PBXBuildFile; fileRef = 7EEF028E1B0D213100B0EB25 /* MeteorLandingDataManager.swift */; };
		7EEF029F1B0D349200B0EB25 /* Alamofire.framework in Frameworks */ = {isa = PBXBuildFile; fileRef = 7EEF02981B0D344C00B0EB25 /* Alamofire.framework */; };
		7EEF02A01B0D349200B0EB25 /* Alamofire.framework in Embed Frameworks */ = {isa = PBXBuildFile; fileRef = 7EEF02981B0D344C00B0EB25 /* Alamofire.framework */; settings = {ATTRIBUTES = (CodeSignOnCopy, RemoveHeadersOnCopy, ); }; };
		7EEF02AB1B0D398F00B0EB25 /* JsonObject.swift in Sources */ = {isa = PBXBuildFile; fileRef = 7EEF027F1B0D1C7C00B0EB25 /* JsonObject.swift */; };
		7EEF02AC1B0D399900B0EB25 /* JsonValue.swift in Sources */ = {isa = PBXBuildFile; fileRef = 7EEF02801B0D1C7C00B0EB25 /* JsonValue.swift */; };
		7EEF02AD1B0D399C00B0EB25 /* JsonMapper.swift in Sources */ = {isa = PBXBuildFile; fileRef = 7EEF02781B0D1C7C00B0EB25 /* JsonMapper.swift */; };
		7EEF02AE1B0D399E00B0EB25 /* JsonObject+Initialization.swift in Sources */ = {isa = PBXBuildFile; fileRef = 7EEF02791B0D1C7C00B0EB25 /* JsonObject+Initialization.swift */; };
		7EEF02AF1B0D39A000B0EB25 /* JsonObject+KeyMapping.swift in Sources */ = {isa = PBXBuildFile; fileRef = 7EEF027A1B0D1C7C00B0EB25 /* JsonObject+KeyMapping.swift */; };
		7EEF02B01B0D39A200B0EB25 /* JsonObject+Mappers.swift in Sources */ = {isa = PBXBuildFile; fileRef = 7EEF027B1B0D1C7C00B0EB25 /* JsonObject+Mappers.swift */; };
		7EEF02B11B0D39A500B0EB25 /* JsonObject+Serialization.swift in Sources */ = {isa = PBXBuildFile; fileRef = 7EEF027C1B0D1C7C00B0EB25 /* JsonObject+Serialization.swift */; };
		7EEF02B21B0D39A700B0EB25 /* JsonObject+Validation.swift in Sources */ = {isa = PBXBuildFile; fileRef = 7EEF027D1B0D1C7C00B0EB25 /* JsonObject+Validation.swift */; };
		7EEF02B31B0D39AD00B0EB25 /* String+Subscripting.swift in Sources */ = {isa = PBXBuildFile; fileRef = 7EEF02811B0D1C7C00B0EB25 /* String+Subscripting.swift */; };
		7EEF02B41B0D4FF600B0EB25 /* MeteorLandingDataManager.swift in Sources */ = {isa = PBXBuildFile; fileRef = 7EEF028E1B0D213100B0EB25 /* MeteorLandingDataManager.swift */; };
		7EEF02B71B0ECDDE00B0EB25 /* MLMapView.swift in Sources */ = {isa = PBXBuildFile; fileRef = 7EEF026F1B0D0E4F00B0EB25 /* MLMapView.swift */; };
/* End PBXBuildFile section */

/* Begin PBXContainerItemProxy section */
		7EEF02551B0CEC7800B0EB25 /* PBXContainerItemProxy */ = {
			isa = PBXContainerItemProxy;
			containerPortal = 7EEF02371B0CEC7800B0EB25 /* Project object */;
			proxyType = 1;
			remoteGlobalIDString = 7EEF023E1B0CEC7800B0EB25;
			remoteInfo = MeteorLandingApp;
		};
		7EEF02971B0D344C00B0EB25 /* PBXContainerItemProxy */ = {
			isa = PBXContainerItemProxy;
			containerPortal = 7EEF02901B0D344C00B0EB25 /* Alamofire.xcodeproj */;
			proxyType = 2;
			remoteGlobalIDString = F8111E3319A95C8B0040E7D1;
			remoteInfo = "Alamofire iOS";
		};
		7EEF02991B0D344C00B0EB25 /* PBXContainerItemProxy */ = {
			isa = PBXContainerItemProxy;
			containerPortal = 7EEF02901B0D344C00B0EB25 /* Alamofire.xcodeproj */;
			proxyType = 2;
			remoteGlobalIDString = 4DD67C0B1A5C55C900ED2280;
			remoteInfo = "Alamofire OSX";
		};
		7EEF029B1B0D344C00B0EB25 /* PBXContainerItemProxy */ = {
			isa = PBXContainerItemProxy;
			containerPortal = 7EEF02901B0D344C00B0EB25 /* Alamofire.xcodeproj */;
			proxyType = 2;
			remoteGlobalIDString = F8111E3E19A95C8B0040E7D1;
			remoteInfo = "Alamofire iOS Tests";
		};
		7EEF029D1B0D344C00B0EB25 /* PBXContainerItemProxy */ = {
			isa = PBXContainerItemProxy;
			containerPortal = 7EEF02901B0D344C00B0EB25 /* Alamofire.xcodeproj */;
			proxyType = 2;
			remoteGlobalIDString = F829C6B21A7A94F100A2CD59;
			remoteInfo = "Alamofire OSX Tests";
		};
		7EEF02A11B0D349200B0EB25 /* PBXContainerItemProxy */ = {
			isa = PBXContainerItemProxy;
			containerPortal = 7EEF02901B0D344C00B0EB25 /* Alamofire.xcodeproj */;
			proxyType = 1;
			remoteGlobalIDString = F8111E3219A95C8B0040E7D1;
			remoteInfo = "Alamofire iOS";
		};
/* End PBXContainerItemProxy section */

/* Begin PBXCopyFilesBuildPhase section */
		7EEF02A31B0D349200B0EB25 /* Embed Frameworks */ = {
			isa = PBXCopyFilesBuildPhase;
			buildActionMask = 2147483647;
			dstPath = "";
			dstSubfolderSpec = 10;
			files = (
				7EEF02A01B0D349200B0EB25 /* Alamofire.framework in Embed Frameworks */,
			);
			name = "Embed Frameworks";
			runOnlyForDeploymentPostprocessing = 0;
		};
/* End PBXCopyFilesBuildPhase section */

/* Begin PBXFileReference section */
		7EEF023F1B0CEC7800B0EB25 /* MeteorLandingApp.app */ = {isa = PBXFileReference; explicitFileType = wrapper.application; includeInIndex = 0; path = MeteorLandingApp.app; sourceTree = BUILT_PRODUCTS_DIR; };
		7EEF02431B0CEC7800B0EB25 /* Info.plist */ = {isa = PBXFileReference; lastKnownFileType = text.plist.xml; path = Info.plist; sourceTree = "<group>"; };
		7EEF02441B0CEC7800B0EB25 /* AppDelegate.swift */ = {isa = PBXFileReference; lastKnownFileType = sourcecode.swift; path = AppDelegate.swift; sourceTree = "<group>"; };
		7EEF02491B0CEC7800B0EB25 /* Base */ = {isa = PBXFileReference; lastKnownFileType = file.storyboard; name = Base; path = Base.lproj/Main.storyboard; sourceTree = "<group>"; };
		7EEF024B1B0CEC7800B0EB25 /* Images.xcassets */ = {isa = PBXFileReference; lastKnownFileType = folder.assetcatalog; path = Images.xcassets; sourceTree = "<group>"; };
		7EEF024E1B0CEC7800B0EB25 /* Base */ = {isa = PBXFileReference; lastKnownFileType = file.xib; name = Base; path = Base.lproj/LaunchScreen.xib; sourceTree = "<group>"; };
		7EEF02541B0CEC7800B0EB25 /* MeteorLandingAppTests.xctest */ = {isa = PBXFileReference; explicitFileType = wrapper.cfbundle; includeInIndex = 0; path = MeteorLandingAppTests.xctest; sourceTree = BUILT_PRODUCTS_DIR; };
		7EEF02591B0CEC7800B0EB25 /* Info.plist */ = {isa = PBXFileReference; lastKnownFileType = text.plist.xml; path = Info.plist; sourceTree = "<group>"; };
		7EEF025A1B0CEC7800B0EB25 /* MeteorLandingAppTests.swift */ = {isa = PBXFileReference; lastKnownFileType = sourcecode.swift; path = MeteorLandingAppTests.swift; sourceTree = "<group>"; };
		7EEF02651B0CF55A00B0EB25 /* MeteorLanding.swift */ = {isa = PBXFileReference; fileEncoding = 4; lastKnownFileType = sourcecode.swift; path = MeteorLanding.swift; sourceTree = "<group>"; };
		7EEF02681B0D0CFF00B0EB25 /* ViewController.swift */ = {isa = PBXFileReference; fileEncoding = 4; lastKnownFileType = sourcecode.swift; path = ViewController.swift; sourceTree = "<group>"; };
		7EEF026F1B0D0E4F00B0EB25 /* MLMapView.swift */ = {isa = PBXFileReference; fileEncoding = 4; lastKnownFileType = sourcecode.swift; path = MLMapView.swift; sourceTree = "<group>"; };
		7EEF02771B0D1C7C00B0EB25 /* Info.plist */ = {isa = PBXFileReference; fileEncoding = 4; lastKnownFileType = text.plist.xml; path = Info.plist; sourceTree = "<group>"; };
		7EEF02781B0D1C7C00B0EB25 /* JsonMapper.swift */ = {isa = PBXFileReference; fileEncoding = 4; lastKnownFileType = sourcecode.swift; path = JsonMapper.swift; sourceTree = "<group>"; };
		7EEF02791B0D1C7C00B0EB25 /* JsonObject+Initialization.swift */ = {isa = PBXFileReference; fileEncoding = 4; lastKnownFileType = sourcecode.swift; path = "JsonObject+Initialization.swift"; sourceTree = "<group>"; };
		7EEF027A1B0D1C7C00B0EB25 /* JsonObject+KeyMapping.swift */ = {isa = PBXFileReference; fileEncoding = 4; lastKnownFileType = sourcecode.swift; path = "JsonObject+KeyMapping.swift"; sourceTree = "<group>"; };
		7EEF027B1B0D1C7C00B0EB25 /* JsonObject+Mappers.swift */ = {isa = PBXFileReference; fileEncoding = 4; lastKnownFileType = sourcecode.swift; path = "JsonObject+Mappers.swift"; sourceTree = "<group>"; };
		7EEF027C1B0D1C7C00B0EB25 /* JsonObject+Serialization.swift */ = {isa = PBXFileReference; fileEncoding = 4; lastKnownFileType = sourcecode.swift; path = "JsonObject+Serialization.swift"; sourceTree = "<group>"; };
		7EEF027D1B0D1C7C00B0EB25 /* JsonObject+Validation.swift */ = {isa = PBXFileReference; fileEncoding = 4; lastKnownFileType = sourcecode.swift; path = "JsonObject+Validation.swift"; sourceTree = "<group>"; };
		7EEF027E1B0D1C7C00B0EB25 /* JsonObject.h */ = {isa = PBXFileReference; fileEncoding = 4; lastKnownFileType = sourcecode.c.h; path = JsonObject.h; sourceTree = "<group>"; };
		7EEF027F1B0D1C7C00B0EB25 /* JsonObject.swift */ = {isa = PBXFileReference; fileEncoding = 4; lastKnownFileType = sourcecode.swift; path = JsonObject.swift; sourceTree = "<group>"; };
		7EEF02801B0D1C7C00B0EB25 /* JsonValue.swift */ = {isa = PBXFileReference; fileEncoding = 4; lastKnownFileType = sourcecode.swift; path = JsonValue.swift; sourceTree = "<group>"; };
		7EEF02811B0D1C7C00B0EB25 /* String+Subscripting.swift */ = {isa = PBXFileReference; fileEncoding = 4; lastKnownFileType = sourcecode.swift; path = "String+Subscripting.swift"; sourceTree = "<group>"; };
		7EEF028E1B0D213100B0EB25 /* MeteorLandingDataManager.swift */ = {isa = PBXFileReference; fileEncoding = 4; lastKnownFileType = sourcecode.swift; path = MeteorLandingDataManager.swift; sourceTree = "<group>"; };
		7EEF02901B0D344C00B0EB25 /* Alamofire.xcodeproj */ = {isa = PBXFileReference; lastKnownFileType = "wrapper.pb-project"; name = Alamofire.xcodeproj; path = Alamofire/Alamofire.xcodeproj; sourceTree = "<group>"; };
/* End PBXFileReference section */

/* Begin PBXFrameworksBuildPhase section */
		7EEF023C1B0CEC7800B0EB25 /* Frameworks */ = {
			isa = PBXFrameworksBuildPhase;
			buildActionMask = 2147483647;
			files = (
				7EEF029F1B0D349200B0EB25 /* Alamofire.framework in Frameworks */,
			);
			runOnlyForDeploymentPostprocessing = 0;
		};
		7EEF02511B0CEC7800B0EB25 /* Frameworks */ = {
			isa = PBXFrameworksBuildPhase;
			buildActionMask = 2147483647;
			files = (
			);
			runOnlyForDeploymentPostprocessing = 0;
		};
/* End PBXFrameworksBuildPhase section */

/* Begin PBXGroup section */
		7EEF02361B0CEC7800B0EB25 = {
			isa = PBXGroup;
			children = (
				7EEF02901B0D344C00B0EB25 /* Alamofire.xcodeproj */,
				7EEF02411B0CEC7800B0EB25 /* MeteorLandingApp */,
				7EEF02571B0CEC7800B0EB25 /* MeteorLandingAppTests */,
				7EEF02401B0CEC7800B0EB25 /* Products */,
			);
			sourceTree = "<group>";
		};
		7EEF02401B0CEC7800B0EB25 /* Products */ = {
			isa = PBXGroup;
			children = (
				7EEF023F1B0CEC7800B0EB25 /* MeteorLandingApp.app */,
				7EEF02541B0CEC7800B0EB25 /* MeteorLandingAppTests.xctest */,
			);
			name = Products;
			sourceTree = "<group>";
		};
		7EEF02411B0CEC7800B0EB25 /* MeteorLandingApp */ = {
			isa = PBXGroup;
			children = (
				7EEF028D1B0D212000B0EB25 /* DataManagers */,
				7EEF02751B0D1C7C00B0EB25 /* ExternalLibraries */,
				7EEF026A1B0D0D1700B0EB25 /* View */,
				7EEF02671B0D0CFF00B0EB25 /* Controllers */,
				7EEF02641B0CF54300B0EB25 /* Models */,
				7EEF02441B0CEC7800B0EB25 /* AppDelegate.swift */,
				7EEF02481B0CEC7800B0EB25 /* Main.storyboard */,
				7EEF024B1B0CEC7800B0EB25 /* Images.xcassets */,
				7EEF024D1B0CEC7800B0EB25 /* LaunchScreen.xib */,
				7EEF02421B0CEC7800B0EB25 /* Supporting Files */,
			);
			path = MeteorLandingApp;
			sourceTree = "<group>";
		};
		7EEF02421B0CEC7800B0EB25 /* Supporting Files */ = {
			isa = PBXGroup;
			children = (
				7EEF02431B0CEC7800B0EB25 /* Info.plist */,
			);
			name = "Supporting Files";
			sourceTree = "<group>";
		};
		7EEF02571B0CEC7800B0EB25 /* MeteorLandingAppTests */ = {
			isa = PBXGroup;
			children = (
				7EEF025A1B0CEC7800B0EB25 /* MeteorLandingAppTests.swift */,
				7EEF02581B0CEC7800B0EB25 /* Supporting Files */,
			);
			path = MeteorLandingAppTests;
			sourceTree = "<group>";
		};
		7EEF02581B0CEC7800B0EB25 /* Supporting Files */ = {
			isa = PBXGroup;
			children = (
				7EEF02591B0CEC7800B0EB25 /* Info.plist */,
			);
			name = "Supporting Files";
			sourceTree = "<group>";
		};
		7EEF02641B0CF54300B0EB25 /* Models */ = {
			isa = PBXGroup;
			children = (
				7EEF02651B0CF55A00B0EB25 /* MeteorLanding.swift */,
			);
			path = Models;
			sourceTree = "<group>";
		};
		7EEF02671B0D0CFF00B0EB25 /* Controllers */ = {
			isa = PBXGroup;
			children = (
				7EEF02681B0D0CFF00B0EB25 /* ViewController.swift */,
			);
			path = Controllers;
			sourceTree = "<group>";
		};
		7EEF026A1B0D0D1700B0EB25 /* View */ = {
			isa = PBXGroup;
			children = (
				7EEF026F1B0D0E4F00B0EB25 /* MLMapView.swift */,
			);
			path = View;
			sourceTree = "<group>";
		};
		7EEF02751B0D1C7C00B0EB25 /* ExternalLibraries */ = {
			isa = PBXGroup;
			children = (
				7EEF02761B0D1C7C00B0EB25 /* JsonObject */,
			);
			path = ExternalLibraries;
			sourceTree = "<group>";
		};
		7EEF02761B0D1C7C00B0EB25 /* JsonObject */ = {
			isa = PBXGroup;
			children = (
				7EEF02771B0D1C7C00B0EB25 /* Info.plist */,
				7EEF02781B0D1C7C00B0EB25 /* JsonMapper.swift */,
				7EEF02791B0D1C7C00B0EB25 /* JsonObject+Initialization.swift */,
				7EEF027A1B0D1C7C00B0EB25 /* JsonObject+KeyMapping.swift */,
				7EEF027B1B0D1C7C00B0EB25 /* JsonObject+Mappers.swift */,
				7EEF027C1B0D1C7C00B0EB25 /* JsonObject+Serialization.swift */,
				7EEF027D1B0D1C7C00B0EB25 /* JsonObject+Validation.swift */,
				7EEF027E1B0D1C7C00B0EB25 /* JsonObject.h */,
				7EEF027F1B0D1C7C00B0EB25 /* JsonObject.swift */,
				7EEF02801B0D1C7C00B0EB25 /* JsonValue.swift */,
				7EEF02811B0D1C7C00B0EB25 /* String+Subscripting.swift */,
			);
			path = JsonObject;
			sourceTree = "<group>";
		};
		7EEF028D1B0D212000B0EB25 /* DataManagers */ = {
			isa = PBXGroup;
			children = (
				7EEF028E1B0D213100B0EB25 /* MeteorLandingDataManager.swift */,
			);
			path = DataManagers;
			sourceTree = "<group>";
		};
		7EEF02911B0D344C00B0EB25 /* Products */ = {
			isa = PBXGroup;
			children = (
				7EEF02981B0D344C00B0EB25 /* Alamofire.framework */,
				7EEF029A1B0D344C00B0EB25 /* Alamofire.framework */,
				7EEF029C1B0D344C00B0EB25 /* Alamofire iOS Tests.xctest */,
				7EEF029E1B0D344C00B0EB25 /* Alamofire OSX Tests.xctest */,
			);
			name = Products;
			sourceTree = "<group>";
		};
/* End PBXGroup section */

/* Begin PBXNativeTarget section */
		7EEF023E1B0CEC7800B0EB25 /* MeteorLandingApp */ = {
			isa = PBXNativeTarget;
			buildConfigurationList = 7EEF025E1B0CEC7800B0EB25 /* Build configuration list for PBXNativeTarget "MeteorLandingApp" */;
			buildPhases = (
				7EEF023B1B0CEC7800B0EB25 /* Sources */,
				7EEF023C1B0CEC7800B0EB25 /* Frameworks */,
				7EEF023D1B0CEC7800B0EB25 /* Resources */,
				7EEF02A31B0D349200B0EB25 /* Embed Frameworks */,
			);
			buildRules = (
			);
			dependencies = (
				7EEF02A21B0D349200B0EB25 /* PBXTargetDependency */,
			);
			name = MeteorLandingApp;
			productName = MeteorLandingApp;
			productReference = 7EEF023F1B0CEC7800B0EB25 /* MeteorLandingApp.app */;
			productType = "com.apple.product-type.application";
		};
		7EEF02531B0CEC7800B0EB25 /* MeteorLandingAppTests */ = {
			isa = PBXNativeTarget;
			buildConfigurationList = 7EEF02611B0CEC7800B0EB25 /* Build configuration list for PBXNativeTarget "MeteorLandingAppTests" */;
			buildPhases = (
				7EEF02501B0CEC7800B0EB25 /* Sources */,
				7EEF02511B0CEC7800B0EB25 /* Frameworks */,
				7EEF02521B0CEC7800B0EB25 /* Resources */,
			);
			buildRules = (
			);
			dependencies = (
				7EEF02561B0CEC7800B0EB25 /* PBXTargetDependency */,
			);
			name = MeteorLandingAppTests;
			productName = MeteorLandingAppTests;
			productReference = 7EEF02541B0CEC7800B0EB25 /* MeteorLandingAppTests.xctest */;
			productType = "com.apple.product-type.bundle.unit-test";
		};
/* End PBXNativeTarget section */

/* Begin PBXProject section */
		7EEF02371B0CEC7800B0EB25 /* Project object */ = {
			isa = PBXProject;
			attributes = {
				LastUpgradeCheck = 0630;
				ORGANIZATIONNAME = MIL;
				TargetAttributes = {
					7EEF023E1B0CEC7800B0EB25 = {
						CreatedOnToolsVersion = 6.3.1;
					};
					7EEF02531B0CEC7800B0EB25 = {
						CreatedOnToolsVersion = 6.3.1;
						TestTargetID = 7EEF023E1B0CEC7800B0EB25;
					};
				};
			};
			buildConfigurationList = 7EEF023A1B0CEC7800B0EB25 /* Build configuration list for PBXProject "MeteorLandingApp" */;
			compatibilityVersion = "Xcode 3.2";
			developmentRegion = English;
			hasScannedForEncodings = 0;
			knownRegions = (
				en,
				Base,
			);
			mainGroup = 7EEF02361B0CEC7800B0EB25;
			productRefGroup = 7EEF02401B0CEC7800B0EB25 /* Products */;
			projectDirPath = "";
			projectReferences = (
				{
					ProductGroup = 7EEF02911B0D344C00B0EB25 /* Products */;
					ProjectRef = 7EEF02901B0D344C00B0EB25 /* Alamofire.xcodeproj */;
				},
			);
			projectRoot = "";
			targets = (
				7EEF023E1B0CEC7800B0EB25 /* MeteorLandingApp */,
				7EEF02531B0CEC7800B0EB25 /* MeteorLandingAppTests */,
			);
		};
/* End PBXProject section */

/* Begin PBXReferenceProxy section */
		7EEF02981B0D344C00B0EB25 /* Alamofire.framework */ = {
			isa = PBXReferenceProxy;
			fileType = wrapper.framework;
			path = Alamofire.framework;
			remoteRef = 7EEF02971B0D344C00B0EB25 /* PBXContainerItemProxy */;
			sourceTree = BUILT_PRODUCTS_DIR;
		};
		7EEF029A1B0D344C00B0EB25 /* Alamofire.framework */ = {
			isa = PBXReferenceProxy;
			fileType = wrapper.framework;
			path = Alamofire.framework;
			remoteRef = 7EEF02991B0D344C00B0EB25 /* PBXContainerItemProxy */;
			sourceTree = BUILT_PRODUCTS_DIR;
		};
		7EEF029C1B0D344C00B0EB25 /* Alamofire iOS Tests.xctest */ = {
			isa = PBXReferenceProxy;
			fileType = wrapper.cfbundle;
			path = "Alamofire iOS Tests.xctest";
			remoteRef = 7EEF029B1B0D344C00B0EB25 /* PBXContainerItemProxy */;
			sourceTree = BUILT_PRODUCTS_DIR;
		};
		7EEF029E1B0D344C00B0EB25 /* Alamofire OSX Tests.xctest */ = {
			isa = PBXReferenceProxy;
			fileType = wrapper.cfbundle;
			path = "Alamofire OSX Tests.xctest";
			remoteRef = 7EEF029D1B0D344C00B0EB25 /* PBXContainerItemProxy */;
			sourceTree = BUILT_PRODUCTS_DIR;
		};
/* End PBXReferenceProxy section */

/* Begin PBXResourcesBuildPhase section */
		7EEF023D1B0CEC7800B0EB25 /* Resources */ = {
			isa = PBXResourcesBuildPhase;
			buildActionMask = 2147483647;
			files = (
				7EEF02821B0D1C7C00B0EB25 /* Info.plist in Resources */,
				7EEF024A1B0CEC7800B0EB25 /* Main.storyboard in Resources */,
				7EEF024F1B0CEC7800B0EB25 /* LaunchScreen.xib in Resources */,
				7EEF024C1B0CEC7800B0EB25 /* Images.xcassets in Resources */,
			);
			runOnlyForDeploymentPostprocessing = 0;
		};
		7EEF02521B0CEC7800B0EB25 /* Resources */ = {
			isa = PBXResourcesBuildPhase;
			buildActionMask = 2147483647;
			files = (
			);
			runOnlyForDeploymentPostprocessing = 0;
		};
/* End PBXResourcesBuildPhase section */

/* Begin PBXSourcesBuildPhase section */
		7EEF023B1B0CEC7800B0EB25 /* Sources */ = {
			isa = PBXSourcesBuildPhase;
			buildActionMask = 2147483647;
			files = (
				7EEF02831B0D1C7C00B0EB25 /* JsonMapper.swift in Sources */,
				7EEF02841B0D1C7C00B0EB25 /* JsonObject+Initialization.swift in Sources */,
				7EEF02691B0D0CFF00B0EB25 /* ViewController.swift in Sources */,
				7EEF02891B0D1C7C00B0EB25 /* JsonObject.swift in Sources */,
				7EEF028B1B0D1C7C00B0EB25 /* String+Subscripting.swift in Sources */,
				7EEF02851B0D1C7C00B0EB25 /* JsonObject+KeyMapping.swift in Sources */,
				7EEF02871B0D1C7C00B0EB25 /* JsonObject+Serialization.swift in Sources */,
				7EEF02451B0CEC7800B0EB25 /* AppDelegate.swift in Sources */,
				7EEF02B71B0ECDDE00B0EB25 /* MLMapView.swift in Sources */,
				7EEF02881B0D1C7C00B0EB25 /* JsonObject+Validation.swift in Sources */,
				7EEF028A1B0D1C7C00B0EB25 /* JsonValue.swift in Sources */,
				7EEF02661B0CF55A00B0EB25 /* MeteorLanding.swift in Sources */,
				7EEF02861B0D1C7C00B0EB25 /* JsonObject+Mappers.swift in Sources */,
				7EEF028F1B0D213100B0EB25 /* MeteorLandingDataManager.swift in Sources */,
			);
			runOnlyForDeploymentPostprocessing = 0;
		};
		7EEF02501B0CEC7800B0EB25 /* Sources */ = {
			isa = PBXSourcesBuildPhase;
			buildActionMask = 2147483647;
			files = (
				7EEF02721B0D156D00B0EB25 /* MLMapView.swift in Sources */,
				7EEF02B01B0D39A200B0EB25 /* JsonObject+Mappers.swift in Sources */,
				7EEF02AD1B0D399C00B0EB25 /* JsonMapper.swift in Sources */,
				7EEF025B1B0CEC7800B0EB25 /* MeteorLandingAppTests.swift in Sources */,
				7EEF02731B0D157600B0EB25 /* ViewController.swift in Sources */,
				7EEF02B31B0D39AD00B0EB25 /* String+Subscripting.swift in Sources */,
				7EEF02B21B0D39A700B0EB25 /* JsonObject+Validation.swift in Sources */,
				7EEF02AC1B0D399900B0EB25 /* JsonValue.swift in Sources */,
				7EEF02AB1B0D398F00B0EB25 /* JsonObject.swift in Sources */,
				7EEF02B11B0D39A500B0EB25 /* JsonObject+Serialization.swift in Sources */,
				7EEF02AE1B0D399E00B0EB25 /* JsonObject+Initialization.swift in Sources */,
				7EEF02AF1B0D39A000B0EB25 /* JsonObject+KeyMapping.swift in Sources */,
				7EEF02711B0D156800B0EB25 /* MeteorLanding.swift in Sources */,
				7EEF02B41B0D4FF600B0EB25 /* MeteorLandingDataManager.swift in Sources */,
			);
			runOnlyForDeploymentPostprocessing = 0;
		};
/* End PBXSourcesBuildPhase section */

/* Begin PBXTargetDependency section */
		7EEF02561B0CEC7800B0EB25 /* PBXTargetDependency */ = {
			isa = PBXTargetDependency;
			target = 7EEF023E1B0CEC7800B0EB25 /* MeteorLandingApp */;
			targetProxy = 7EEF02551B0CEC7800B0EB25 /* PBXContainerItemProxy */;
		};
		7EEF02A21B0D349200B0EB25 /* PBXTargetDependency */ = {
			isa = PBXTargetDependency;
			name = "Alamofire iOS";
			targetProxy = 7EEF02A11B0D349200B0EB25 /* PBXContainerItemProxy */;
		};
/* End PBXTargetDependency section */

/* Begin PBXVariantGroup section */
		7EEF02481B0CEC7800B0EB25 /* Main.storyboard */ = {
			isa = PBXVariantGroup;
			children = (
				7EEF02491B0CEC7800B0EB25 /* Base */,
			);
			name = Main.storyboard;
			sourceTree = "<group>";
		};
		7EEF024D1B0CEC7800B0EB25 /* LaunchScreen.xib */ = {
			isa = PBXVariantGroup;
			children = (
				7EEF024E1B0CEC7800B0EB25 /* Base */,
			);
			name = LaunchScreen.xib;
			sourceTree = "<group>";
		};
/* End PBXVariantGroup section */

/* Begin XCBuildConfiguration section */
		7EEF025C1B0CEC7800B0EB25 /* Debug */ = {
			isa = XCBuildConfiguration;
			buildSettings = {
				ALWAYS_SEARCH_USER_PATHS = NO;
				CLANG_CXX_LANGUAGE_STANDARD = "gnu++0x";
				CLANG_CXX_LIBRARY = "libc++";
				CLANG_ENABLE_MODULES = YES;
				CLANG_ENABLE_OBJC_ARC = YES;
				CLANG_WARN_BOOL_CONVERSION = YES;
				CLANG_WARN_CONSTANT_CONVERSION = YES;
				CLANG_WARN_DIRECT_OBJC_ISA_USAGE = YES_ERROR;
				CLANG_WARN_EMPTY_BODY = YES;
				CLANG_WARN_ENUM_CONVERSION = YES;
				CLANG_WARN_INT_CONVERSION = YES;
				CLANG_WARN_OBJC_ROOT_CLASS = YES_ERROR;
				CLANG_WARN_UNREACHABLE_CODE = YES;
				CLANG_WARN__DUPLICATE_METHOD_MATCH = YES;
				"CODE_SIGN_IDENTITY[sdk=iphoneos*]" = "iPhone Developer";
				COPY_PHASE_STRIP = NO;
				DEBUG_INFORMATION_FORMAT = "dwarf-with-dsym";
				ENABLE_STRICT_OBJC_MSGSEND = YES;
				GCC_C_LANGUAGE_STANDARD = gnu99;
				GCC_DYNAMIC_NO_PIC = NO;
				GCC_NO_COMMON_BLOCKS = YES;
				GCC_OPTIMIZATION_LEVEL = 0;
				GCC_PREPROCESSOR_DEFINITIONS = (
					"DEBUG=1",
					"$(inherited)",
				);
				GCC_SYMBOLS_PRIVATE_EXTERN = NO;
				GCC_WARN_64_TO_32_BIT_CONVERSION = YES;
				GCC_WARN_ABOUT_RETURN_TYPE = YES_ERROR;
				GCC_WARN_UNDECLARED_SELECTOR = YES;
				GCC_WARN_UNINITIALIZED_AUTOS = YES_AGGRESSIVE;
				GCC_WARN_UNUSED_FUNCTION = YES;
				GCC_WARN_UNUSED_VARIABLE = YES;
				IPHONEOS_DEPLOYMENT_TARGET = 8.3;
				MTL_ENABLE_DEBUG_INFO = YES;
				ONLY_ACTIVE_ARCH = YES;
				SDKROOT = iphoneos;
				SWIFT_OPTIMIZATION_LEVEL = "-Onone";
				TARGETED_DEVICE_FAMILY = "1,2";
			};
			name = Debug;
		};
		7EEF025D1B0CEC7800B0EB25 /* Release */ = {
			isa = XCBuildConfiguration;
			buildSettings = {
				ALWAYS_SEARCH_USER_PATHS = NO;
				CLANG_CXX_LANGUAGE_STANDARD = "gnu++0x";
				CLANG_CXX_LIBRARY = "libc++";
				CLANG_ENABLE_MODULES = YES;
				CLANG_ENABLE_OBJC_ARC = YES;
				CLANG_WARN_BOOL_CONVERSION = YES;
				CLANG_WARN_CONSTANT_CONVERSION = YES;
				CLANG_WARN_DIRECT_OBJC_ISA_USAGE = YES_ERROR;
				CLANG_WARN_EMPTY_BODY = YES;
				CLANG_WARN_ENUM_CONVERSION = YES;
				CLANG_WARN_INT_CONVERSION = YES;
				CLANG_WARN_OBJC_ROOT_CLASS = YES_ERROR;
				CLANG_WARN_UNREACHABLE_CODE = YES;
				CLANG_WARN__DUPLICATE_METHOD_MATCH = YES;
				"CODE_SIGN_IDENTITY[sdk=iphoneos*]" = "iPhone Developer";
				COPY_PHASE_STRIP = NO;
				DEBUG_INFORMATION_FORMAT = "dwarf-with-dsym";
				ENABLE_NS_ASSERTIONS = NO;
				ENABLE_STRICT_OBJC_MSGSEND = YES;
				GCC_C_LANGUAGE_STANDARD = gnu99;
				GCC_NO_COMMON_BLOCKS = YES;
				GCC_WARN_64_TO_32_BIT_CONVERSION = YES;
				GCC_WARN_ABOUT_RETURN_TYPE = YES_ERROR;
				GCC_WARN_UNDECLARED_SELECTOR = YES;
				GCC_WARN_UNINITIALIZED_AUTOS = YES_AGGRESSIVE;
				GCC_WARN_UNUSED_FUNCTION = YES;
				GCC_WARN_UNUSED_VARIABLE = YES;
				IPHONEOS_DEPLOYMENT_TARGET = 8.3;
				MTL_ENABLE_DEBUG_INFO = NO;
				SDKROOT = iphoneos;
				TARGETED_DEVICE_FAMILY = "1,2";
				VALIDATE_PRODUCT = YES;
			};
			name = Release;
		};
		7EEF025F1B0CEC7800B0EB25 /* Debug */ = {
			isa = XCBuildConfiguration;
			buildSettings = {
				ASSETCATALOG_COMPILER_APPICON_NAME = AppIcon;
				INFOPLIST_FILE = MeteorLandingApp/Info.plist;
				LD_RUNPATH_SEARCH_PATHS = "$(inherited) @executable_path/Frameworks";
				PRODUCT_NAME = "$(TARGET_NAME)";
			};
			name = Debug;
		};
		7EEF02601B0CEC7800B0EB25 /* Release */ = {
			isa = XCBuildConfiguration;
			buildSettings = {
				ASSETCATALOG_COMPILER_APPICON_NAME = AppIcon;
				INFOPLIST_FILE = MeteorLandingApp/Info.plist;
				LD_RUNPATH_SEARCH_PATHS = "$(inherited) @executable_path/Frameworks";
				PRODUCT_NAME = "$(TARGET_NAME)";
			};
			name = Release;
		};
		7EEF02621B0CEC7800B0EB25 /* Debug */ = {
			isa = XCBuildConfiguration;
			buildSettings = {
				BUNDLE_LOADER = "$(TEST_HOST)";
				FRAMEWORK_SEARCH_PATHS = (
					"$(SDKROOT)/Developer/Library/Frameworks",
					"$(inherited)",
				);
				GCC_PREPROCESSOR_DEFINITIONS = (
					"DEBUG=1",
					"$(inherited)",
				);
				INFOPLIST_FILE = MeteorLandingAppTests/Info.plist;
				LD_RUNPATH_SEARCH_PATHS = "$(inherited) @executable_path/Frameworks @loader_path/Frameworks";
				PRODUCT_NAME = "$(TARGET_NAME)";
				TEST_HOST = "$(BUILT_PRODUCTS_DIR)/MeteorLandingApp.app/MeteorLandingApp";
			};
			name = Debug;
		};
		7EEF02631B0CEC7800B0EB25 /* Release */ = {
			isa = XCBuildConfiguration;
			buildSettings = {
				BUNDLE_LOADER = "$(TEST_HOST)";
				FRAMEWORK_SEARCH_PATHS = (
					"$(SDKROOT)/Developer/Library/Frameworks",
					"$(inherited)",
				);
				INFOPLIST_FILE = MeteorLandingAppTests/Info.plist;
				LD_RUNPATH_SEARCH_PATHS = "$(inherited) @executable_path/Frameworks @loader_path/Frameworks";
				PRODUCT_NAME = "$(TARGET_NAME)";
				TEST_HOST = "$(BUILT_PRODUCTS_DIR)/MeteorLandingApp.app/MeteorLandingApp";
			};
			name = Release;
		};
/* End XCBuildConfiguration section */

/* Begin XCConfigurationList section */
		7EEF023A1B0CEC7800B0EB25 /* Build configuration list for PBXProject "MeteorLandingApp" */ = {
			isa = XCConfigurationList;
			buildConfigurations = (
				7EEF025C1B0CEC7800B0EB25 /* Debug */,
				7EEF025D1B0CEC7800B0EB25 /* Release */,
			);
			defaultConfigurationIsVisible = 0;
			defaultConfigurationName = Release;
		};
		7EEF025E1B0CEC7800B0EB25 /* Build configuration list for PBXNativeTarget "MeteorLandingApp" */ = {
			isa = XCConfigurationList;
			buildConfigurations = (
				7EEF025F1B0CEC7800B0EB25 /* Debug */,
				7EEF02601B0CEC7800B0EB25 /* Release */,
			);
			defaultConfigurationIsVisible = 0;
			defaultConfigurationName = Release;
		};
		7EEF02611B0CEC7800B0EB25 /* Build configuration list for PBXNativeTarget "MeteorLandingAppTests" */ = {
			isa = XCConfigurationList;
			buildConfigurations = (
				7EEF02621B0CEC7800B0EB25 /* Debug */,
				7EEF02631B0CEC7800B0EB25 /* Release */,
			);
			defaultConfigurationIsVisible = 0;
			defaultConfigurationName = Release;
		};
/* End XCConfigurationList section */
	};
	rootObject = 7EEF02371B0CEC7800B0EB25 /* Project object */;
}
